
Microsoft Visual Studio Solution File, Format Version 12.00
# Visual Studio 15
VisualStudioVersion = 15.0.28010.2016
MinimumVisualStudioVersion = 10.0.40219.1
Project("{FAE04EC0-301F-11D3-BF4B-00C04F79EFBC}") = "Arrays", "Arrays\Arrays.csproj", "{81FE264B-D1B8-4FB9-86C9-4C2A9409AC30}"
EndProject
Project("{FAE04EC0-301F-11D3-BF4B-00C04F79EFBC}") = "Lecture", "Lecture\Lecture.csproj", "{5A267A58-66E0-4D12-B6EA-B3BD1BE3094F}"
EndProject
Project("{FAE04EC0-301F-11D3-BF4B-00C04F79EFBC}") = "Lecture.Tests", "Lecture.Tests\Lecture.Tests.csproj", "{DBBF4AEF-5093-466E-A6BB-68828E2381DA}"
EndProject
Global
	GlobalSection(SolutionConfigurationPlatforms) = preSolution
		Debug|Any CPU = Debug|Any CPU
		Release|Any CPU = Release|Any CPU
	EndGlobalSection
	GlobalSection(ProjectConfigurationPlatforms) = postSolution
		{81FE264B-D1B8-4FB9-86C9-4C2A9409AC30}.Debug|Any CPU.ActiveCfg = Debug|Any CPU
		{81FE264B-D1B8-4FB9-86C9-4C2A9409AC30}.Debug|Any CPU.Build.0 = Debug|Any CPU
		{81FE264B-D1B8-4FB9-86C9-4C2A9409AC30}.Release|Any CPU.ActiveCfg = Release|Any CPU
		{81FE264B-D1B8-4FB9-86C9-4C2A9409AC30}.Release|Any CPU.Build.0 = Release|Any CPU
		{5A267A58-66E0-4D12-B6EA-B3BD1BE3094F}.Debug|Any CPU.ActiveCfg = Debug|Any CPU
		{5A267A58-66E0-4D12-B6EA-B3BD1BE3094F}.Debug|Any CPU.Build.0 = Debug|Any CPU
		{5A267A58-66E0-4D12-B6EA-B3BD1BE3094F}.Release|Any CPU.ActiveCfg = Release|Any CPU
		{5A267A58-66E0-4D12-B6EA-B3BD1BE3094F}.Release|Any CPU.Build.0 = Release|Any CPU
		{DBBF4AEF-5093-466E-A6BB-68828E2381DA}.Debug|Any CPU.ActiveCfg = Debug|Any CPU
		{DBBF4AEF-5093-466E-A6BB-68828E2381DA}.Debug|Any CPU.Build.0 = Debug|Any CPU
		{DBBF4AEF-5093-466E-A6BB-68828E2381DA}.Release|Any CPU.ActiveCfg = Release|Any CPU
		{DBBF4AEF-5093-466E-A6BB-68828E2381DA}.Release|Any CPU.Build.0 = Release|Any CPU
	EndGlobalSection
	GlobalSection(SolutionProperties) = preSolution
		HideSolutionNode = FALSE
	EndGlobalSection
	GlobalSection(ExtensibilityGlobals) = postSolution
		SolutionGuid = {1F9C1573-D243-4E62-80AC-B260FD7D1F07}
	EndGlobalSection
EndGlobal
