
Microsoft Visual Studio Solution File, Format Version 12.00
# Visual Studio 15
VisualStudioVersion = 15.0.28010.2016
MinimumVisualStudioVersion = 10.0.40219.1
Project("{FAE04EC0-301F-11D3-BF4B-00C04F79EFBC}") = "Exercises", "expressions-exercises\Exercises.csproj", "{33B3DB40-C6B4-4C63-AD8F-03B80C9DADFC}"
EndProject
Project("{FAE04EC0-301F-11D3-BF4B-00C04F79EFBC}") = "Exercises.Tests", "Exercises.TEsts\Exercises.Tests.csproj", "{377A6EA2-8A9D-45A6-9AE2-85DFDE4A15E3}"
EndProject
Global
	GlobalSection(SolutionConfigurationPlatforms) = preSolution
		Debug|Any CPU = Debug|Any CPU
		Release|Any CPU = Release|Any CPU
	EndGlobalSection
	GlobalSection(ProjectConfigurationPlatforms) = postSolution
		{33B3DB40-C6B4-4C63-AD8F-03B80C9DADFC}.Debug|Any CPU.ActiveCfg = Debug|Any CPU
		{33B3DB40-C6B4-4C63-AD8F-03B80C9DADFC}.Debug|Any CPU.Build.0 = Debug|Any CPU
		{33B3DB40-C6B4-4C63-AD8F-03B80C9DADFC}.Release|Any CPU.ActiveCfg = Release|Any CPU
		{33B3DB40-C6B4-4C63-AD8F-03B80C9DADFC}.Release|Any CPU.Build.0 = Release|Any CPU
		{377A6EA2-8A9D-45A6-9AE2-85DFDE4A15E3}.Debug|Any CPU.ActiveCfg = Debug|Any CPU
		{377A6EA2-8A9D-45A6-9AE2-85DFDE4A15E3}.Debug|Any CPU.Build.0 = Debug|Any CPU
		{377A6EA2-8A9D-45A6-9AE2-85DFDE4A15E3}.Release|Any CPU.ActiveCfg = Release|Any CPU
		{377A6EA2-8A9D-45A6-9AE2-85DFDE4A15E3}.Release|Any CPU.Build.0 = Release|Any CPU
	EndGlobalSection
	GlobalSection(SolutionProperties) = preSolution
		HideSolutionNode = FALSE
	EndGlobalSection
	GlobalSection(ExtensibilityGlobals) = postSolution
		SolutionGuid = {F0421821-512C-416D-9D8D-A9DDA69C2A66}
	EndGlobalSection
EndGlobal
