
Microsoft Visual Studio Solution File, Format Version 12.00
# Visual Studio Version 16
VisualStudioVersion = 16.0.30621.155
MinimumVisualStudioVersion = 10.0.40219.1
Project("{9A19103F-16F7-4668-BE54-9A1E7A4F7556}") = "Exercises", "Exercises\Exercises.csproj", "{DE3B3E51-504C-4DF7-A698-93CA75524AF2}"
EndProject
Project("{9A19103F-16F7-4668-BE54-9A1E7A4F7556}") = "Exercises.Tests", "Exercises.Tests\Exercises.Tests.csproj", "{56676D96-F518-44CF-913F-5641792CA3CE}"
EndProject
Global
	GlobalSection(SolutionConfigurationPlatforms) = preSolution
		Debug|Any CPU = Debug|Any CPU
		Release|Any CPU = Release|Any CPU
	EndGlobalSection
	GlobalSection(ProjectConfigurationPlatforms) = postSolution
		{DE3B3E51-504C-4DF7-A698-93CA75524AF2}.Debug|Any CPU.ActiveCfg = Debug|Any CPU
		{DE3B3E51-504C-4DF7-A698-93CA75524AF2}.Debug|Any CPU.Build.0 = Debug|Any CPU
		{DE3B3E51-504C-4DF7-A698-93CA75524AF2}.Release|Any CPU.ActiveCfg = Release|Any CPU
		{DE3B3E51-504C-4DF7-A698-93CA75524AF2}.Release|Any CPU.Build.0 = Release|Any CPU
		{56676D96-F518-44CF-913F-5641792CA3CE}.Debug|Any CPU.ActiveCfg = Debug|Any CPU
		{56676D96-F518-44CF-913F-5641792CA3CE}.Debug|Any CPU.Build.0 = Debug|Any CPU
		{56676D96-F518-44CF-913F-5641792CA3CE}.Release|Any CPU.ActiveCfg = Release|Any CPU
		{56676D96-F518-44CF-913F-5641792CA3CE}.Release|Any CPU.Build.0 = Release|Any CPU
	EndGlobalSection
	GlobalSection(SolutionProperties) = preSolution
		HideSolutionNode = FALSE
	EndGlobalSection
	GlobalSection(ExtensibilityGlobals) = postSolution
		SolutionGuid = {D25DB541-3814-4AA6-88E8-1DEFE8CF1200}
	EndGlobalSection
EndGlobal
