
Microsoft Visual Studio Solution File, Format Version 12.00
# Visual Studio Version 16
VisualStudioVersion = 16.0.30621.155
MinimumVisualStudioVersion = 10.0.40219.1
Project("{9A19103F-16F7-4668-BE54-9A1E7A4F7556}") = "InheritanceLecture", "InheritanceLecture\InheritanceLecture.csproj", "{F43AFA4B-39E1-41AC-A746-26AD7095A94C}"
EndProject
Project("{9A19103F-16F7-4668-BE54-9A1E7A4F7556}") = "InheritanceLectureTests", "InheritanceLectureTests\InheritanceLectureTests.csproj", "{3B4AF39B-166B-4F71-BB9D-14CB86F5ED3D}"
EndProject
Global
	GlobalSection(SolutionConfigurationPlatforms) = preSolution
		Debug|Any CPU = Debug|Any CPU
		Release|Any CPU = Release|Any CPU
	EndGlobalSection
	GlobalSection(ProjectConfigurationPlatforms) = postSolution
		{F43AFA4B-39E1-41AC-A746-26AD7095A94C}.Debug|Any CPU.ActiveCfg = Debug|Any CPU
		{F43AFA4B-39E1-41AC-A746-26AD7095A94C}.Debug|Any CPU.Build.0 = Debug|Any CPU
		{F43AFA4B-39E1-41AC-A746-26AD7095A94C}.Release|Any CPU.ActiveCfg = Release|Any CPU
		{F43AFA4B-39E1-41AC-A746-26AD7095A94C}.Release|Any CPU.Build.0 = Release|Any CPU
		{3B4AF39B-166B-4F71-BB9D-14CB86F5ED3D}.Debug|Any CPU.ActiveCfg = Debug|Any CPU
		{3B4AF39B-166B-4F71-BB9D-14CB86F5ED3D}.Debug|Any CPU.Build.0 = Debug|Any CPU
		{3B4AF39B-166B-4F71-BB9D-14CB86F5ED3D}.Release|Any CPU.ActiveCfg = Release|Any CPU
		{3B4AF39B-166B-4F71-BB9D-14CB86F5ED3D}.Release|Any CPU.Build.0 = Release|Any CPU
	EndGlobalSection
	GlobalSection(SolutionProperties) = preSolution
		HideSolutionNode = FALSE
	EndGlobalSection
	GlobalSection(ExtensibilityGlobals) = postSolution
		SolutionGuid = {96B4D570-E23A-46F7-A014-96AE26223178}
	EndGlobalSection
EndGlobal
