
Microsoft Visual Studio Solution File, Format Version 12.00
# Visual Studio Version 16
VisualStudioVersion = 16.0.30621.155
MinimumVisualStudioVersion = 10.0.40219.1
Project("{9A19103F-16F7-4668-BE54-9A1E7A4F7556}") = "VariableNaming", "VariableNaming\VariableNaming.csproj", "{575A294E-F57F-441A-B7A8-48AF6570801D}"
EndProject
Project("{9A19103F-16F7-4668-BE54-9A1E7A4F7556}") = "VariableNaming.Tests", "VariableNaming.Tests\VariableNaming.Tests.csproj", "{5F841491-DF34-4DCD-89F6-3A57689F0E53}"
EndProject
Global
	GlobalSection(SolutionConfigurationPlatforms) = preSolution
		Debug|Any CPU = Debug|Any CPU
		Release|Any CPU = Release|Any CPU
	EndGlobalSection
	GlobalSection(ProjectConfigurationPlatforms) = postSolution
		{575A294E-F57F-441A-B7A8-48AF6570801D}.Debug|Any CPU.ActiveCfg = Debug|Any CPU
		{575A294E-F57F-441A-B7A8-48AF6570801D}.Debug|Any CPU.Build.0 = Debug|Any CPU
		{575A294E-F57F-441A-B7A8-48AF6570801D}.Release|Any CPU.ActiveCfg = Release|Any CPU
		{575A294E-F57F-441A-B7A8-48AF6570801D}.Release|Any CPU.Build.0 = Release|Any CPU
		{5F841491-DF34-4DCD-89F6-3A57689F0E53}.Debug|Any CPU.ActiveCfg = Debug|Any CPU
		{5F841491-DF34-4DCD-89F6-3A57689F0E53}.Debug|Any CPU.Build.0 = Debug|Any CPU
		{5F841491-DF34-4DCD-89F6-3A57689F0E53}.Release|Any CPU.ActiveCfg = Release|Any CPU
		{5F841491-DF34-4DCD-89F6-3A57689F0E53}.Release|Any CPU.Build.0 = Release|Any CPU
	EndGlobalSection
	GlobalSection(SolutionProperties) = preSolution
		HideSolutionNode = FALSE
	EndGlobalSection
	GlobalSection(ExtensibilityGlobals) = postSolution
		SolutionGuid = {3483B6C0-1022-4ECD-B4CA-68D314F101D6}
	EndGlobalSection
EndGlobal
