
Microsoft Visual Studio Solution File, Format Version 12.00
# Visual Studio Version 16
VisualStudioVersion = 16.0.30320.27
MinimumVisualStudioVersion = 10.0.40219.1
Project("{9A19103F-16F7-4668-BE54-9A1E7A4F7556}") = "CollectionsPart1Lecture", "CollectionsPart1Lecture\CollectionsPart1Lecture.csproj", "{6CECCC04-55E4-4604-BDE7-5A3FAEC6AE91}"
EndProject
Global
	GlobalSection(SolutionConfigurationPlatforms) = preSolution
		Debug|Any CPU = Debug|Any CPU
		Release|Any CPU = Release|Any CPU
	EndGlobalSection
	GlobalSection(ProjectConfigurationPlatforms) = postSolution
		{6CECCC04-55E4-4604-BDE7-5A3FAEC6AE91}.Debug|Any CPU.ActiveCfg = Debug|Any CPU
		{6CECCC04-55E4-4604-BDE7-5A3FAEC6AE91}.Debug|Any CPU.Build.0 = Debug|Any CPU
		{6CECCC04-55E4-4604-BDE7-5A3FAEC6AE91}.Release|Any CPU.ActiveCfg = Release|Any CPU
		{6CECCC04-55E4-4604-BDE7-5A3FAEC6AE91}.Release|Any CPU.Build.0 = Release|Any CPU
	EndGlobalSection
	GlobalSection(SolutionProperties) = preSolution
		HideSolutionNode = FALSE
	EndGlobalSection
	GlobalSection(ExtensibilityGlobals) = postSolution
		SolutionGuid = {CF921707-C5AB-4240-9C05-7298C72AD027}
	EndGlobalSection
EndGlobal
